
Microsoft Visual Studio Solution File, Format Version 12.00
# Visual Studio Version 16
VisualStudioVersion = 16.0.31129.286
MinimumVisualStudioVersion = 10.0.40219.1
Project("{9A19103F-16F7-4668-BE54-9A1E7A4F7556}") = "HouseholdEconomy", "HouseholdEconomy\HouseholdEconomy.csproj", "{551A135D-6E77-454F-A29D-3C5B6541C37D}"
EndProject
Project("{FAE04EC0-301F-11D3-BF4B-00C04F79EFBC}") = "HouseholdEconomyTests", "HouseholdEconomyTests\HouseholdEconomyTests.csproj", "{24527935-767A-4EF8-98E3-03605C5FB94D}"
EndProject
Global
	GlobalSection(SolutionConfigurationPlatforms) = preSolution
		Debug|Any CPU = Debug|Any CPU
		Release|Any CPU = Release|Any CPU
	EndGlobalSection
	GlobalSection(ProjectConfigurationPlatforms) = postSolution
		{551A135D-6E77-454F-A29D-3C5B6541C37D}.Debug|Any CPU.ActiveCfg = Debug|Any CPU
		{551A135D-6E77-454F-A29D-3C5B6541C37D}.Debug|Any CPU.Build.0 = Debug|Any CPU
		{551A135D-6E77-454F-A29D-3C5B6541C37D}.Release|Any CPU.ActiveCfg = Release|Any CPU
		{551A135D-6E77-454F-A29D-3C5B6541C37D}.Release|Any CPU.Build.0 = Release|Any CPU
		{24527935-767A-4EF8-98E3-03605C5FB94D}.Debug|Any CPU.ActiveCfg = Debug|Any CPU
		{24527935-767A-4EF8-98E3-03605C5FB94D}.Debug|Any CPU.Build.0 = Debug|Any CPU
		{24527935-767A-4EF8-98E3-03605C5FB94D}.Release|Any CPU.ActiveCfg = Release|Any CPU
		{24527935-767A-4EF8-98E3-03605C5FB94D}.Release|Any CPU.Build.0 = Release|Any CPU
	EndGlobalSection
	GlobalSection(SolutionProperties) = preSolution
		HideSolutionNode = FALSE
	EndGlobalSection
	GlobalSection(ExtensibilityGlobals) = postSolution
		SolutionGuid = {391B3BF0-4F24-465C-B9B1-E8E12FC98252}
	EndGlobalSection
EndGlobal
